
Microsoft Visual Studio Solution File, Format Version 12.00
# Visual Studio Version 17
VisualStudioVersion = 17.8.34322.80
MinimumVisualStudioVersion = 10.0.40219.1
Project("{FAE04EC0-301F-11D3-BF4B-00C04F79EFBC}") = "Task-15", "Task-15\Task-15.csproj", "{3FF093CC-1E65-488B-839E-EFBAD4EBE8E8}"
EndProject
Global
	GlobalSection(SolutionConfigurationPlatforms) = preSolution
		Debug|Any CPU = Debug|Any CPU
		Release|Any CPU = Release|Any CPU
	EndGlobalSection
	GlobalSection(ProjectConfigurationPlatforms) = postSolution
		{3FF093CC-1E65-488B-839E-EFBAD4EBE8E8}.Debug|Any CPU.ActiveCfg = Debug|Any CPU
		{3FF093CC-1E65-488B-839E-EFBAD4EBE8E8}.Debug|Any CPU.Build.0 = Debug|Any CPU
		{3FF093CC-1E65-488B-839E-EFBAD4EBE8E8}.Release|Any CPU.ActiveCfg = Release|Any CPU
		{3FF093CC-1E65-488B-839E-EFBAD4EBE8E8}.Release|Any CPU.Build.0 = Release|Any CPU
	EndGlobalSection
	GlobalSection(SolutionProperties) = preSolution
		HideSolutionNode = FALSE
	EndGlobalSection
	GlobalSection(ExtensibilityGlobals) = postSolution
		SolutionGuid = {84EF7487-31B6-4CCF-804D-49CE7D767D18}
	EndGlobalSection
EndGlobal
